
Microsoft Visual Studio Solution File, Format Version 12.00
# Visual Studio Version 17
VisualStudioVersion = 17.9.34728.123
MinimumVisualStudioVersion = 10.0.40219.1
Project("{FAE04EC0-301F-11D3-BF4B-00C04F79EFBC}") = "M4Facturation.API", "M4Facturation.API\M4Facturation.API.csproj", "{8EFBE499-361B-42A2-8499-7C9FC68F7231}"
EndProject
Project("{FAE04EC0-301F-11D3-BF4B-00C04F79EFBC}") = "M4Facturation.Application", "M4Facturation.Application\M4Facturation.Application.csproj", "{B565C24A-F1B0-476A-950D-67CB50AF14E0}"
EndProject
Project("{FAE04EC0-301F-11D3-BF4B-00C04F79EFBC}") = "M4Facturation.Domain", "M4Facturation.Domain\M4Facturation.Domain.csproj", "{B363C74E-3AB8-478D-834A-C6CD68687398}"
EndProject
Global
	GlobalSection(SolutionConfigurationPlatforms) = preSolution
		Debug|Any CPU = Debug|Any CPU
		Release|Any CPU = Release|Any CPU
	EndGlobalSection
	GlobalSection(ProjectConfigurationPlatforms) = postSolution
		{8EFBE499-361B-42A2-8499-7C9FC68F7231}.Debug|Any CPU.ActiveCfg = Debug|Any CPU
		{8EFBE499-361B-42A2-8499-7C9FC68F7231}.Debug|Any CPU.Build.0 = Debug|Any CPU
		{8EFBE499-361B-42A2-8499-7C9FC68F7231}.Release|Any CPU.ActiveCfg = Release|Any CPU
		{8EFBE499-361B-42A2-8499-7C9FC68F7231}.Release|Any CPU.Build.0 = Release|Any CPU
		{B565C24A-F1B0-476A-950D-67CB50AF14E0}.Debug|Any CPU.ActiveCfg = Debug|Any CPU
		{B565C24A-F1B0-476A-950D-67CB50AF14E0}.Debug|Any CPU.Build.0 = Debug|Any CPU
		{B565C24A-F1B0-476A-950D-67CB50AF14E0}.Release|Any CPU.ActiveCfg = Release|Any CPU
		{B565C24A-F1B0-476A-950D-67CB50AF14E0}.Release|Any CPU.Build.0 = Release|Any CPU
		{B363C74E-3AB8-478D-834A-C6CD68687398}.Debug|Any CPU.ActiveCfg = Debug|Any CPU
		{B363C74E-3AB8-478D-834A-C6CD68687398}.Debug|Any CPU.Build.0 = Debug|Any CPU
		{B363C74E-3AB8-478D-834A-C6CD68687398}.Release|Any CPU.ActiveCfg = Release|Any CPU
		{B363C74E-3AB8-478D-834A-C6CD68687398}.Release|Any CPU.Build.0 = Release|Any CPU
	EndGlobalSection
	GlobalSection(SolutionProperties) = preSolution
		HideSolutionNode = FALSE
	EndGlobalSection
	GlobalSection(ExtensibilityGlobals) = postSolution
		SolutionGuid = {42A0FA9C-348F-49F5-807B-08652A26C3A0}
	EndGlobalSection
EndGlobal
